// !$*UTF8*$!
{
	archiveVersion = 1;
	classes = {
	};
	objectVersion = 55;
	objects = {

/* Begin PBXBuildFile section */
		C2BDCA0C29B0BE0B00BD4FFB /* AppDelegate.swift in Sources */ = {isa = PBXBuildFile; fileRef = C2BDCA0B29B0BE0B00BD4FFB /* AppDelegate.swift */; };
		C2BDCA0E29B0BE0B00BD4FFB /* SceneDelegate.swift in Sources */ = {isa = PBXBuildFile; fileRef = C2BDCA0D29B0BE0B00BD4FFB /* SceneDelegate.swift */; };
		C2BDCA1329B0BE0B00BD4FFB /* Main.storyboard in Resources */ = {isa = PBXBuildFile; fileRef = C2BDCA1129B0BE0B00BD4FFB /* Main.storyboard */; };
		C2BDCA1529B0BE0D00BD4FFB /* Assets.xcassets in Resources */ = {isa = PBXBuildFile; fileRef = C2BDCA1429B0BE0D00BD4FFB /* Assets.xcassets */; };
		C2BDCA1829B0BE0D00BD4FFB /* LaunchScreen.storyboard in Resources */ = {isa = PBXBuildFile; fileRef = C2BDCA1629B0BE0D00BD4FFB /* LaunchScreen.storyboard */; };
		C2BDCA2029B0BFF500BD4FFB /* ContactsListViewController.swift in Sources */ = {isa = PBXBuildFile; fileRef = C2BDCA1F29B0BFF500BD4FFB /* ContactsListViewController.swift */; };
		C2BDCA2429B1264B00BD4FFB /* Person.swift in Sources */ = {isa = PBXBuildFile; fileRef = C2BDCA2329B1264B00BD4FFB /* Person.swift */; };
		C2BDCA2629B12A3200BD4FFB /* Services.swift in Sources */ = {isa = PBXBuildFile; fileRef = C2BDCA2529B12A3200BD4FFB /* Services.swift */; };
		C2BDCA2829B20CE800BD4FFB /* PersonInfoController.swift in Sources */ = {isa = PBXBuildFile; fileRef = C2BDCA2729B20CE800BD4FFB /* PersonInfoController.swift */; };
		C2BDCA2A29B34A1700BD4FFB /* MultipleListViewController.swift in Sources */ = {isa = PBXBuildFile; fileRef = C2BDCA2929B34A1700BD4FFB /* MultipleListViewController.swift */; };
/* End PBXBuildFile section */

/* Begin PBXFileReference section */
		C2BDCA0829B0BE0B00BD4FFB /* Contacts.app */ = {isa = PBXFileReference; explicitFileType = wrapper.application; includeInIndex = 0; path = Contacts.app; sourceTree = BUILT_PRODUCTS_DIR; };
		C2BDCA0B29B0BE0B00BD4FFB /* AppDelegate.swift */ = {isa = PBXFileReference; lastKnownFileType = sourcecode.swift; path = AppDelegate.swift; sourceTree = "<group>"; };
		C2BDCA0D29B0BE0B00BD4FFB /* SceneDelegate.swift */ = {isa = PBXFileReference; lastKnownFileType = sourcecode.swift; path = SceneDelegate.swift; sourceTree = "<group>"; };
		C2BDCA1229B0BE0B00BD4FFB /* Base */ = {isa = PBXFileReference; lastKnownFileType = file.storyboard; name = Base; path = Base.lproj/Main.storyboard; sourceTree = "<group>"; };
		C2BDCA1429B0BE0D00BD4FFB /* Assets.xcassets */ = {isa = PBXFileReference; lastKnownFileType = folder.assetcatalog; path = Assets.xcassets; sourceTree = "<group>"; };
		C2BDCA1729B0BE0D00BD4FFB /* Base */ = {isa = PBXFileReference; lastKnownFileType = file.storyboard; name = Base; path = Base.lproj/LaunchScreen.storyboard; sourceTree = "<group>"; };
		C2BDCA1929B0BE0D00BD4FFB /* Info.plist */ = {isa = PBXFileReference; lastKnownFileType = text.plist.xml; path = Info.plist; sourceTree = "<group>"; };
		C2BDCA1F29B0BFF500BD4FFB /* ContactsListViewController.swift */ = {isa = PBXFileReference; lastKnownFileType = sourcecode.swift; path = ContactsListViewController.swift; sourceTree = "<group>"; };
		C2BDCA2329B1264B00BD4FFB /* Person.swift */ = {isa = PBXFileReference; lastKnownFileType = sourcecode.swift; path = Person.swift; sourceTree = "<group>"; };
		C2BDCA2529B12A3200BD4FFB /* Services.swift */ = {isa = PBXFileReference; lastKnownFileType = sourcecode.swift; path = Services.swift; sourceTree = "<group>"; };
		C2BDCA2729B20CE800BD4FFB /* PersonInfoController.swift */ = {isa = PBXFileReference; lastKnownFileType = sourcecode.swift; path = PersonInfoController.swift; sourceTree = "<group>"; };
		C2BDCA2929B34A1700BD4FFB /* MultipleListViewController.swift */ = {isa = PBXFileReference; lastKnownFileType = sourcecode.swift; path = MultipleListViewController.swift; sourceTree = "<group>"; };
/* End PBXFileReference section */

/* Begin PBXFrameworksBuildPhase section */
		C2BDCA0529B0BE0B00BD4FFB /* Frameworks */ = {
			isa = PBXFrameworksBuildPhase;
			buildActionMask = 2147483647;
			files = (
			);
			runOnlyForDeploymentPostprocessing = 0;
		};
/* End PBXFrameworksBuildPhase section */

/* Begin PBXGroup section */
		C2BDC9FF29B0BE0B00BD4FFB = {
			isa = PBXGroup;
			children = (
				C2BDCA0A29B0BE0B00BD4FFB /* Contacts */,
				C2BDCA0929B0BE0B00BD4FFB /* Products */,
			);
			sourceTree = "<group>";
		};
		C2BDCA0929B0BE0B00BD4FFB /* Products */ = {
			isa = PBXGroup;
			children = (
				C2BDCA0829B0BE0B00BD4FFB /* Contacts.app */,
			);
			name = Products;
			sourceTree = "<group>";
		};
		C2BDCA0A29B0BE0B00BD4FFB /* Contacts */ = {
			isa = PBXGroup;
			children = (
				C2BDCA0B29B0BE0B00BD4FFB /* AppDelegate.swift */,
				C2BDCA0D29B0BE0B00BD4FFB /* SceneDelegate.swift */,
				C2BDCA1129B0BE0B00BD4FFB /* Main.storyboard */,
				C2BDCA2929B34A1700BD4FFB /* MultipleListViewController.swift */,
				C2BDCA2729B20CE800BD4FFB /* PersonInfoController.swift */,
				C2BDCA1F29B0BFF500BD4FFB /* ContactsListViewController.swift */,
				C2BDCA2329B1264B00BD4FFB /* Person.swift */,
				C2BDCA2529B12A3200BD4FFB /* Services.swift */,
				C2BDCA1429B0BE0D00BD4FFB /* Assets.xcassets */,
				C2BDCA1629B0BE0D00BD4FFB /* LaunchScreen.storyboard */,
				C2BDCA1929B0BE0D00BD4FFB /* Info.plist */,
			);
			path = Contacts;
			sourceTree = "<group>";
		};
/* End PBXGroup section */

/* Begin PBXNativeTarget section */
		C2BDCA0729B0BE0B00BD4FFB /* Contacts */ = {
			isa = PBXNativeTarget;
			buildConfigurationList = C2BDCA1C29B0BE0D00BD4FFB /* Build configuration list for PBXNativeTarget "Contacts" */;
			buildPhases = (
				C2BDCA0429B0BE0B00BD4FFB /* Sources */,
				C2BDCA0529B0BE0B00BD4FFB /* Frameworks */,
				C2BDCA0629B0BE0B00BD4FFB /* Resources */,
			);
			buildRules = (
			);
			dependencies = (
			);
			name = Contacts;
			productName = Contacts;
			productReference = C2BDCA0829B0BE0B00BD4FFB /* Contacts.app */;
			productType = "com.apple.product-type.application";
		};
/* End PBXNativeTarget section */

/* Begin PBXProject section */
		C2BDCA0029B0BE0B00BD4FFB /* Project object */ = {
			isa = PBXProject;
			attributes = {
				BuildIndependentTargetsInParallel = 1;
				LastSwiftUpdateCheck = 1330;
				LastUpgradeCheck = 1330;
				TargetAttributes = {
					C2BDCA0729B0BE0B00BD4FFB = {
						CreatedOnToolsVersion = 13.3;
					};
				};
			};
			buildConfigurationList = C2BDCA0329B0BE0B00BD4FFB /* Build configuration list for PBXProject "Contacts" */;
			compatibilityVersion = "Xcode 13.0";
			developmentRegion = en;
			hasScannedForEncodings = 0;
			knownRegions = (
				en,
				Base,
			);
			mainGroup = C2BDC9FF29B0BE0B00BD4FFB;
			productRefGroup = C2BDCA0929B0BE0B00BD4FFB /* Products */;
			projectDirPath = "";
			projectRoot = "";
			targets = (
				C2BDCA0729B0BE0B00BD4FFB /* Contacts */,
			);
		};
/* End PBXProject section */

/* Begin PBXResourcesBuildPhase section */
		C2BDCA0629B0BE0B00BD4FFB /* Resources */ = {
			isa = PBXResourcesBuildPhase;
			buildActionMask = 2147483647;
			files = (
				C2BDCA1829B0BE0D00BD4FFB /* LaunchScreen.storyboard in Resources */,
				C2BDCA1529B0BE0D00BD4FFB /* Assets.xcassets in Resources */,
				C2BDCA1329B0BE0B00BD4FFB /* Main.storyboard in Resources */,
			);
			runOnlyForDeploymentPostprocessing = 0;
		};
/* End PBXResourcesBuildPhase section */

/* Begin PBXSourcesBuildPhase section */
		C2BDCA0429B0BE0B00BD4FFB /* Sources */ = {
			isa = PBXSourcesBuildPhase;
			buildActionMask = 2147483647;
			files = (
				C2BDCA2829B20CE800BD4FFB /* PersonInfoController.swift in Sources */,
				C2BDCA2A29B34A1700BD4FFB /* MultipleListViewController.swift in Sources */,
				C2BDCA2629B12A3200BD4FFB /* Services.swift in Sources */,
				C2BDCA2029B0BFF500BD4FFB /* ContactsListViewController.swift in Sources */,
				C2BDCA0C29B0BE0B00BD4FFB /* AppDelegate.swift in Sources */,
				C2BDCA2429B1264B00BD4FFB /* Person.swift in Sources */,
				C2BDCA0E29B0BE0B00BD4FFB /* SceneDelegate.swift in Sources */,
			);
			runOnlyForDeploymentPostprocessing = 0;
		};
/* End PBXSourcesBuildPhase section */

/* Begin PBXVariantGroup section */
		C2BDCA1129B0BE0B00BD4FFB /* Main.storyboard */ = {
			isa = PBXVariantGroup;
			children = (
				C2BDCA1229B0BE0B00BD4FFB /* Base */,
			);
			name = Main.storyboard;
			sourceTree = "<group>";
		};
		C2BDCA1629B0BE0D00BD4FFB /* LaunchScreen.storyboard */ = {
			isa = PBXVariantGroup;
			children = (
				C2BDCA1729B0BE0D00BD4FFB /* Base */,
			);
			name = LaunchScreen.storyboard;
			sourceTree = "<group>";
		};
/* End PBXVariantGroup section */

/* Begin XCBuildConfiguration section */
		C2BDCA1A29B0BE0D00BD4FFB /* Debug */ = {
			isa = XCBuildConfiguration;
			buildSettings = {
				ALWAYS_SEARCH_USER_PATHS = NO;
				CLANG_ANALYZER_NONNULL = YES;
				CLANG_ANALYZER_NUMBER_OBJECT_CONVERSION = YES_AGGRESSIVE;
				CLANG_CXX_LANGUAGE_STANDARD = "gnu++17";
				CLANG_ENABLE_MODULES = YES;
				CLANG_ENABLE_OBJC_ARC = YES;
				CLANG_ENABLE_OBJC_WEAK = YES;
				CLANG_WARN_BLOCK_CAPTURE_AUTORELEASING = YES;
				CLANG_WARN_BOOL_CONVERSION = YES;
				CLANG_WARN_COMMA = YES;
				CLANG_WARN_CONSTANT_CONVERSION = YES;
				CLANG_WARN_DEPRECATED_OBJC_IMPLEMENTATIONS = YES;
				CLANG_WARN_DIRECT_OBJC_ISA_USAGE = YES_ERROR;
				CLANG_WARN_DOCUMENTATION_COMMENTS = YES;
				CLANG_WARN_EMPTY_BODY = YES;
				CLANG_WARN_ENUM_CONVERSION = YES;
				CLANG_WARN_INFINITE_RECURSION = YES;
				CLANG_WARN_INT_CONVERSION = YES;
				CLANG_WARN_NON_LITERAL_NULL_CONVERSION = YES;
				CLANG_WARN_OBJC_IMPLICIT_RETAIN_SELF = YES;
				CLANG_WARN_OBJC_LITERAL_CONVERSION = YES;
				CLANG_WARN_OBJC_ROOT_CLASS = YES_ERROR;
				CLANG_WARN_QUOTED_INCLUDE_IN_FRAMEWORK_HEADER = YES;
				CLANG_WARN_RANGE_LOOP_ANALYSIS = YES;
				CLANG_WARN_STRICT_PROTOTYPES = YES;
				CLANG_WARN_SUSPICIOUS_MOVE = YES;
				CLANG_WARN_UNGUARDED_AVAILABILITY = YES_AGGRESSIVE;
				CLANG_WARN_UNREACHABLE_CODE = YES;
				CLANG_WARN__DUPLICATE_METHOD_MATCH = YES;
				COPY_PHASE_STRIP = NO;
				DEBUG_INFORMATION_FORMAT = dwarf;
				ENABLE_STRICT_OBJC_MSGSEND = YES;
				ENABLE_TESTABILITY = YES;
				GCC_C_LANGUAGE_STANDARD = gnu11;
				GCC_DYNAMIC_NO_PIC = NO;
				GCC_NO_COMMON_BLOCKS = YES;
				GCC_OPTIMIZATION_LEVEL = 0;
				GCC_PREPROCESSOR_DEFINITIONS = (
					"DEBUG=1",
					"$(inherited)",
				);
				GCC_WARN_64_TO_32_BIT_CONVERSION = YES;
				GCC_WARN_ABOUT_RETURN_TYPE = YES_ERROR;
				GCC_WARN_UNDECLARED_SELECTOR = YES;
				GCC_WARN_UNINITIALIZED_AUTOS = YES_AGGRESSIVE;
				GCC_WARN_UNUSED_FUNCTION = YES;
				GCC_WARN_UNUSED_VARIABLE = YES;
				IPHONEOS_DEPLOYMENT_TARGET = 15.4;
				MTL_ENABLE_DEBUG_INFO = INCLUDE_SOURCE;
				MTL_FAST_MATH = YES;
				ONLY_ACTIVE_ARCH = YES;
				SDKROOT = iphoneos;
				SWIFT_ACTIVE_COMPILATION_CONDITIONS = DEBUG;
				SWIFT_OPTIMIZATION_LEVEL = "-Onone";
			};
			name = Debug;
		};
		C2BDCA1B29B0BE0D00BD4FFB /* Release */ = {
			isa = XCBuildConfiguration;
			buildSettings = {
				ALWAYS_SEARCH_USER_PATHS = NO;
				CLANG_ANALYZER_NONNULL = YES;
				CLANG_ANALYZER_NUMBER_OBJECT_CONVERSION = YES_AGGRESSIVE;
				CLANG_CXX_LANGUAGE_STANDARD = "gnu++17";
				CLANG_ENABLE_MODULES = YES;
				CLANG_ENABLE_OBJC_ARC = YES;
				CLANG_ENABLE_OBJC_WEAK = YES;
				CLANG_WARN_BLOCK_CAPTURE_AUTORELEASING = YES;
				CLANG_WARN_BOOL_CONVERSION = YES;
				CLANG_WARN_COMMA = YES;
				CLANG_WARN_CONSTANT_CONVERSION = YES;
				CLANG_WARN_DEPRECATED_OBJC_IMPLEMENTATIONS = YES;
				CLANG_WARN_DIRECT_OBJC_ISA_USAGE = YES_ERROR;
				CLANG_WARN_DOCUMENTATION_COMMENTS = YES;
				CLANG_WARN_EMPTY_BODY = YES;
				CLANG_WARN_ENUM_CONVERSION = YES;
				CLANG_WARN_INFINITE_RECURSION = YES;
				CLANG_WARN_INT_CONVERSION = YES;
				CLANG_WARN_NON_LITERAL_NULL_CONVERSION = YES;
				CLANG_WARN_OBJC_IMPLICIT_RETAIN_SELF = YES;
				CLANG_WARN_OBJC_LITERAL_CONVERSION = YES;
				CLANG_WARN_OBJC_ROOT_CLASS = YES_ERROR;
				CLANG_WARN_QUOTED_INCLUDE_IN_FRAMEWORK_HEADER = YES;
				CLANG_WARN_RANGE_LOOP_ANALYSIS = YES;
				CLANG_WARN_STRICT_PROTOTYPES = YES;
				CLANG_WARN_SUSPICIOUS_MOVE = YES;
				CLANG_WARN_UNGUARDED_AVAILABILITY = YES_AGGRESSIVE;
				CLANG_WARN_UNREACHABLE_CODE = YES;
				CLANG_WARN__DUPLICATE_METHOD_MATCH = YES;
				COPY_PHASE_STRIP = NO;
				DEBUG_INFORMATION_FORMAT = "dwarf-with-dsym";
				ENABLE_NS_ASSERTIONS = NO;
				ENABLE_STRICT_OBJC_MSGSEND = YES;
				GCC_C_LANGUAGE_STANDARD = gnu11;
				GCC_NO_COMMON_BLOCKS = YES;
				GCC_WARN_64_TO_32_BIT_CONVERSION = YES;
				GCC_WARN_ABOUT_RETURN_TYPE = YES_ERROR;
				GCC_WARN_UNDECLARED_SELECTOR = YES;
				GCC_WARN_UNINITIALIZED_AUTOS = YES_AGGRESSIVE;
				GCC_WARN_UNUSED_FUNCTION = YES;
				GCC_WARN_UNUSED_VARIABLE = YES;
				IPHONEOS_DEPLOYMENT_TARGET = 15.4;
				MTL_ENABLE_DEBUG_INFO = NO;
				MTL_FAST_MATH = YES;
				SDKROOT = iphoneos;
				SWIFT_COMPILATION_MODE = wholemodule;
				SWIFT_OPTIMIZATION_LEVEL = "-O";
				VALIDATE_PRODUCT = YES;
			};
			name = Release;
		};
		C2BDCA1D29B0BE0D00BD4FFB /* Debug */ = {
			isa = XCBuildConfiguration;
			buildSettings = {
				ASSETCATALOG_COMPILER_APPICON_NAME = AppIcon;
				ASSETCATALOG_COMPILER_GLOBAL_ACCENT_COLOR_NAME = AccentColor;
				CODE_SIGN_STYLE = Automatic;
				CURRENT_PROJECT_VERSION = 1;
				GENERATE_INFOPLIST_FILE = YES;
				INFOPLIST_FILE = Contacts/Info.plist;
				INFOPLIST_KEY_UIApplicationSupportsIndirectInputEvents = YES;
				INFOPLIST_KEY_UILaunchStoryboardName = LaunchScreen;
				INFOPLIST_KEY_UIMainStoryboardFile = Main;
				INFOPLIST_KEY_UISupportedInterfaceOrientations = UIInterfaceOrientationPortrait;
				INFOPLIST_KEY_UISupportedInterfaceOrientations_iPad = "UIInterfaceOrientationPortrait UIInterfaceOrientationPortraitUpsideDown UIInterfaceOrientationLandscapeLeft UIInterfaceOrientationLandscapeRight";
				INFOPLIST_KEY_UISupportedInterfaceOrientations_iPhone = "UIInterfaceOrientationPortrait UIInterfaceOrientationLandscapeLeft UIInterfaceOrientationLandscapeRight";
				LD_RUNPATH_SEARCH_PATHS = (
					"$(inherited)",
					"@executable_path/Frameworks",
				);
				MARKETING_VERSION = 1.0;
				PRODUCT_BUNDLE_IDENTIFIER = Snow.Contacts;
				PRODUCT_NAME = "$(TARGET_NAME)";
				SWIFT_EMIT_LOC_STRINGS = YES;
				SWIFT_VERSION = 5.0;
				TARGETED_DEVICE_FAMILY = 1;
			};
			name = Debug;
		};
		C2BDCA1E29B0BE0D00BD4FFB /* Release */ = {
			isa = XCBuildConfiguration;
			buildSettings = {
				ASSETCATALOG_COMPILER_APPICON_NAME = AppIcon;
				ASSETCATALOG_COMPILER_GLOBAL_ACCENT_COLOR_NAME = AccentColor;
				CODE_SIGN_STYLE = Automatic;
				CURRENT_PROJECT_VERSION = 1;
				GENERATE_INFOPLIST_FILE = YES;
				INFOPLIST_FILE = Contacts/Info.plist;
				INFOPLIST_KEY_UIApplicationSupportsIndirectInputEvents = YES;
				INFOPLIST_KEY_UILaunchStoryboardName = LaunchScreen;
				INFOPLIST_KEY_UIMainStoryboardFile = Main;
				INFOPLIST_KEY_UISupportedInterfaceOrientations = UIInterfaceOrientationPortrait;
				INFOPLIST_KEY_UISupportedInterfaceOrientations_iPad = "UIInterfaceOrientationPortrait UIInterfaceOrientationPortraitUpsideDown UIInterfaceOrientationLandscapeLeft UIInterfaceOrientationLandscapeRight";
				INFOPLIST_KEY_UISupportedInterfaceOrientations_iPhone = "UIInterfaceOrientationPortrait UIInterfaceOrientationLandscapeLeft UIInterfaceOrientationLandscapeRight";
				LD_RUNPATH_SEARCH_PATHS = (
					"$(inherited)",
					"@executable_path/Frameworks",
				);
				MARKETING_VERSION = 1.0;
				PRODUCT_BUNDLE_IDENTIFIER = Snow.Contacts;
				PRODUCT_NAME = "$(TARGET_NAME)";
				SWIFT_EMIT_LOC_STRINGS = YES;
				SWIFT_VERSION = 5.0;
				TARGETED_DEVICE_FAMILY = 1;
			};
			name = Release;
		};
/* End XCBuildConfiguration section */

/* Begin XCConfigurationList section */
		C2BDCA0329B0BE0B00BD4FFB /* Build configuration list for PBXProject "Contacts" */ = {
			isa = XCConfigurationList;
			buildConfigurations = (
				C2BDCA1A29B0BE0D00BD4FFB /* Debug */,
				C2BDCA1B29B0BE0D00BD4FFB /* Release */,
			);
			defaultConfigurationIsVisible = 0;
			defaultConfigurationName = Release;
		};
		C2BDCA1C29B0BE0D00BD4FFB /* Build configuration list for PBXNativeTarget "Contacts" */ = {
			isa = XCConfigurationList;
			buildConfigurations = (
				C2BDCA1D29B0BE0D00BD4FFB /* Debug */,
				C2BDCA1E29B0BE0D00BD4FFB /* Release */,
			);
			defaultConfigurationIsVisible = 0;
			defaultConfigurationName = Release;
		};
/* End XCConfigurationList section */
	};
	rootObject = C2BDCA0029B0BE0B00BD4FFB /* Project object */;
}
